{
  "nodes": {
    "nixpkgs": {
      "locked": {
        "lastModified": 1704638740,
        "narHash": "sha256-i6L81R30/Jox6+ijBq3uYGW0E+qtCO8dJ9M1AKvX8tI=",
        "owner": "NixOS",
        "repo": "Nixpkgs",
        "rev": "d49252891fa1df975221d953e93f910495b43de6",
        "type": "github"
      },
      "original": {
        "owner": "NixOS",
        "repo": "Nixpkgs",
        "type": "github"
      }
    },
    "root": {
      "inputs": {
        "nixpkgs": "nixpkgs"
      }
    }
  },
  "root": "root",
  "version": 7
}
